// !$*UTF8*$!
{
	archiveVersion = 1;
	classes = {
	};
	objectVersion = 46;
	objects = {

/* Begin PBXBuildFile section */
		4D6009AC18B9F446004CB9AA /* Foundation.framework in Frameworks */ = {isa = PBXBuildFile; fileRef = 4D6009AB18B9F446004CB9AA /* Foundation.framework */; };
		4D6009AE18B9F446004CB9AA /* CoreGraphics.framework in Frameworks */ = {isa = PBXBuildFile; fileRef = 4D6009AD18B9F446004CB9AA /* CoreGraphics.framework */; };
		4D6009B018B9F446004CB9AA /* UIKit.framework in Frameworks */ = {isa = PBXBuildFile; fileRef = 4D6009AF18B9F446004CB9AA /* UIKit.framework */; };
		4D6009B618B9F446004CB9AA /* InfoPlist.strings in Resources */ = {isa = PBXBuildFile; fileRef = 4D6009B418B9F446004CB9AA /* InfoPlist.strings */; };
		4D6009B818B9F446004CB9AA /* main.m in Sources */ = {isa = PBXBuildFile; fileRef = 4D6009B718B9F446004CB9AA /* main.m */; };
		4D6009BC18B9F446004CB9AA /* AppDelegate.m in Sources */ = {isa = PBXBuildFile; fileRef = 4D6009BB18B9F446004CB9AA /* AppDelegate.m */; };
		4D6009BF18B9F446004CB9AA /* Main.storyboard in Resources */ = {isa = PBXBuildFile; fileRef = 4D6009BD18B9F446004CB9AA /* Main.storyboard */; };
		4D6009C218B9F446004CB9AA /* ViewController.m in Sources */ = {isa = PBXBuildFile; fileRef = 4D6009C118B9F446004CB9AA /* ViewController.m */; };
		4D6009C418B9F446004CB9AA /* Images.xcassets in Resources */ = {isa = PBXBuildFile; fileRef = 4D6009C318B9F446004CB9AA /* Images.xcassets */; };
		4D6009CB18B9F446004CB9AA /* XCTest.framework in Frameworks */ = {isa = PBXBuildFile; fileRef = 4D6009CA18B9F446004CB9AA /* XCTest.framework */; };
		4D6009CC18B9F446004CB9AA /* Foundation.framework in Frameworks */ = {isa = PBXBuildFile; fileRef = 4D6009AB18B9F446004CB9AA /* Foundation.framework */; };
		4D6009CD18B9F446004CB9AA /* UIKit.framework in Frameworks */ = {isa = PBXBuildFile; fileRef = 4D6009AF18B9F446004CB9AA /* UIKit.framework */; };
		4D6009D518B9F446004CB9AA /* InfoPlist.strings in Resources */ = {isa = PBXBuildFile; fileRef = 4D6009D318B9F446004CB9AA /* InfoPlist.strings */; };
		4D6009D718B9F446004CB9AA /* AlertViewTests.m in Sources */ = {isa = PBXBuildFile; fileRef = 4D6009D618B9F446004CB9AA /* AlertViewTests.m */; };
/* End PBXBuildFile section */

/* Begin PBXContainerItemProxy section */
		4D6009CE18B9F446004CB9AA /* PBXContainerItemProxy */ = {
			isa = PBXContainerItemProxy;
			containerPortal = 4D6009A018B9F446004CB9AA /* Project object */;
			proxyType = 1;
			remoteGlobalIDString = 4D6009A718B9F446004CB9AA;
			remoteInfo = AlertView;
		};
/* End PBXContainerItemProxy section */

/* Begin PBXFileReference section */
		4D6009A818B9F446004CB9AA /* AlertView.app */ = {isa = PBXFileReference; explicitFileType = wrapper.application; includeInIndex = 0; path = AlertView.app; sourceTree = BUILT_PRODUCTS_DIR; };
		4D6009AB18B9F446004CB9AA /* Foundation.framework */ = {isa = PBXFileReference; lastKnownFileType = wrapper.framework; name = Foundation.framework; path = System/Library/Frameworks/Foundation.framework; sourceTree = SDKROOT; };
		4D6009AD18B9F446004CB9AA /* CoreGraphics.framework */ = {isa = PBXFileReference; lastKnownFileType = wrapper.framework; name = CoreGraphics.framework; path = System/Library/Frameworks/CoreGraphics.framework; sourceTree = SDKROOT; };
		4D6009AF18B9F446004CB9AA /* UIKit.framework */ = {isa = PBXFileReference; lastKnownFileType = wrapper.framework; name = UIKit.framework; path = System/Library/Frameworks/UIKit.framework; sourceTree = SDKROOT; };
		4D6009B318B9F446004CB9AA /* AlertView-Info.plist */ = {isa = PBXFileReference; lastKnownFileType = text.plist.xml; path = "AlertView-Info.plist"; sourceTree = "<group>"; };
		4D6009B518B9F446004CB9AA /* en */ = {isa = PBXFileReference; lastKnownFileType = text.plist.strings; name = en; path = en.lproj/InfoPlist.strings; sourceTree = "<group>"; };
		4D6009B718B9F446004CB9AA /* main.m */ = {isa = PBXFileReference; lastKnownFileType = sourcecode.c.objc; path = main.m; sourceTree = "<group>"; };
		4D6009B918B9F446004CB9AA /* AlertView-Prefix.pch */ = {isa = PBXFileReference; lastKnownFileType = sourcecode.c.h; path = "AlertView-Prefix.pch"; sourceTree = "<group>"; };
		4D6009BA18B9F446004CB9AA /* AppDelegate.h */ = {isa = PBXFileReference; lastKnownFileType = sourcecode.c.h; path = AppDelegate.h; sourceTree = "<group>"; };
		4D6009BB18B9F446004CB9AA /* AppDelegate.m */ = {isa = PBXFileReference; lastKnownFileType = sourcecode.c.objc; path = AppDelegate.m; sourceTree = "<group>"; };
		4D6009BE18B9F446004CB9AA /* Base */ = {isa = PBXFileReference; lastKnownFileType = file.storyboard; name = Base; path = Base.lproj/Main.storyboard; sourceTree = "<group>"; };
		4D6009C018B9F446004CB9AA /* ViewController.h */ = {isa = PBXFileReference; lastKnownFileType = sourcecode.c.h; path = ViewController.h; sourceTree = "<group>"; };
		4D6009C118B9F446004CB9AA /* ViewController.m */ = {isa = PBXFileReference; lastKnownFileType = sourcecode.c.objc; path = ViewController.m; sourceTree = "<group>"; };
		4D6009C318B9F446004CB9AA /* Images.xcassets */ = {isa = PBXFileReference; lastKnownFileType = folder.assetcatalog; path = Images.xcassets; sourceTree = "<group>"; };
		4D6009C918B9F446004CB9AA /* AlertViewTests.xctest */ = {isa = PBXFileReference; explicitFileType = wrapper.cfbundle; includeInIndex = 0; path = AlertViewTests.xctest; sourceTree = BUILT_PRODUCTS_DIR; };
		4D6009CA18B9F446004CB9AA /* XCTest.framework */ = {isa = PBXFileReference; lastKnownFileType = wrapper.framework; name = XCTest.framework; path = Library/Frameworks/XCTest.framework; sourceTree = DEVELOPER_DIR; };
		4D6009D218B9F446004CB9AA /* AlertViewTests-Info.plist */ = {isa = PBXFileReference; lastKnownFileType = text.plist.xml; path = "AlertViewTests-Info.plist"; sourceTree = "<group>"; };
		4D6009D418B9F446004CB9AA /* en */ = {isa = PBXFileReference; lastKnownFileType = text.plist.strings; name = en; path = en.lproj/InfoPlist.strings; sourceTree = "<group>"; };
		4D6009D618B9F446004CB9AA /* AlertViewTests.m */ = {isa = PBXFileReference; lastKnownFileType = sourcecode.c.objc; path = AlertViewTests.m; sourceTree = "<group>"; };
/* End PBXFileReference section */

/* Begin PBXFrameworksBuildPhase section */
		4D6009A518B9F446004CB9AA /* Frameworks */ = {
			isa = PBXFrameworksBuildPhase;
			buildActionMask = 2147483647;
			files = (
				4D6009AE18B9F446004CB9AA /* CoreGraphics.framework in Frameworks */,
				4D6009B018B9F446004CB9AA /* UIKit.framework in Frameworks */,
				4D6009AC18B9F446004CB9AA /* Foundation.framework in Frameworks */,
			);
			runOnlyForDeploymentPostprocessing = 0;
		};
		4D6009C618B9F446004CB9AA /* Frameworks */ = {
			isa = PBXFrameworksBuildPhase;
			buildActionMask = 2147483647;
			files = (
				4D6009CB18B9F446004CB9AA /* XCTest.framework in Frameworks */,
				4D6009CD18B9F446004CB9AA /* UIKit.framework in Frameworks */,
				4D6009CC18B9F446004CB9AA /* Foundation.framework in Frameworks */,
			);
			runOnlyForDeploymentPostprocessing = 0;
		};
/* End PBXFrameworksBuildPhase section */

/* Begin PBXGroup section */
		4D60099F18B9F446004CB9AA = {
			isa = PBXGroup;
			children = (
				4D6009B118B9F446004CB9AA /* AlertView */,
				4D6009D018B9F446004CB9AA /* AlertViewTests */,
				4D6009AA18B9F446004CB9AA /* Frameworks */,
				4D6009A918B9F446004CB9AA /* Products */,
			);
			sourceTree = "<group>";
		};
		4D6009A918B9F446004CB9AA /* Products */ = {
			isa = PBXGroup;
			children = (
				4D6009A818B9F446004CB9AA /* AlertView.app */,
				4D6009C918B9F446004CB9AA /* AlertViewTests.xctest */,
			);
			name = Products;
			sourceTree = "<group>";
		};
		4D6009AA18B9F446004CB9AA /* Frameworks */ = {
			isa = PBXGroup;
			children = (
				4D6009AB18B9F446004CB9AA /* Foundation.framework */,
				4D6009AD18B9F446004CB9AA /* CoreGraphics.framework */,
				4D6009AF18B9F446004CB9AA /* UIKit.framework */,
				4D6009CA18B9F446004CB9AA /* XCTest.framework */,
			);
			name = Frameworks;
			sourceTree = "<group>";
		};
		4D6009B118B9F446004CB9AA /* AlertView */ = {
			isa = PBXGroup;
			children = (
				4D6009BA18B9F446004CB9AA /* AppDelegate.h */,
				4D6009BB18B9F446004CB9AA /* AppDelegate.m */,
				4D6009BD18B9F446004CB9AA /* Main.storyboard */,
				4D6009C018B9F446004CB9AA /* ViewController.h */,
				4D6009C118B9F446004CB9AA /* ViewController.m */,
				4D6009C318B9F446004CB9AA /* Images.xcassets */,
				4D6009B218B9F446004CB9AA /* Supporting Files */,
			);
			path = AlertView;
			sourceTree = "<group>";
		};
		4D6009B218B9F446004CB9AA /* Supporting Files */ = {
			isa = PBXGroup;
			children = (
				4D6009B318B9F446004CB9AA /* AlertView-Info.plist */,
				4D6009B418B9F446004CB9AA /* InfoPlist.strings */,
				4D6009B718B9F446004CB9AA /* main.m */,
				4D6009B918B9F446004CB9AA /* AlertView-Prefix.pch */,
			);
			name = "Supporting Files";
			sourceTree = "<group>";
		};
		4D6009D018B9F446004CB9AA /* AlertViewTests */ = {
			isa = PBXGroup;
			children = (
				4D6009D618B9F446004CB9AA /* AlertViewTests.m */,
				4D6009D118B9F446004CB9AA /* Supporting Files */,
			);
			path = AlertViewTests;
			sourceTree = "<group>";
		};
		4D6009D118B9F446004CB9AA /* Supporting Files */ = {
			isa = PBXGroup;
			children = (
				4D6009D218B9F446004CB9AA /* AlertViewTests-Info.plist */,
				4D6009D318B9F446004CB9AA /* InfoPlist.strings */,
			);
			name = "Supporting Files";
			sourceTree = "<group>";
		};
/* End PBXGroup section */

/* Begin PBXNativeTarget section */
		4D6009A718B9F446004CB9AA /* AlertView */ = {
			isa = PBXNativeTarget;
			buildConfigurationList = 4D6009DA18B9F446004CB9AA /* Build configuration list for PBXNativeTarget "AlertView" */;
			buildPhases = (
				4D6009A418B9F446004CB9AA /* Sources */,
				4D6009A518B9F446004CB9AA /* Frameworks */,
				4D6009A618B9F446004CB9AA /* Resources */,
			);
			buildRules = (
			);
			dependencies = (
			);
			name = AlertView;
			productName = AlertView;
			productReference = 4D6009A818B9F446004CB9AA /* AlertView.app */;
			productType = "com.apple.product-type.application";
		};
		4D6009C818B9F446004CB9AA /* AlertViewTests */ = {
			isa = PBXNativeTarget;
			buildConfigurationList = 4D6009DD18B9F446004CB9AA /* Build configuration list for PBXNativeTarget "AlertViewTests" */;
			buildPhases = (
				4D6009C518B9F446004CB9AA /* Sources */,
				4D6009C618B9F446004CB9AA /* Frameworks */,
				4D6009C718B9F446004CB9AA /* Resources */,
			);
			buildRules = (
			);
			dependencies = (
				4D6009CF18B9F446004CB9AA /* PBXTargetDependency */,
			);
			name = AlertViewTests;
			productName = AlertViewTests;
			productReference = 4D6009C918B9F446004CB9AA /* AlertViewTests.xctest */;
			productType = "com.apple.product-type.bundle.unit-test";
		};
/* End PBXNativeTarget section */

/* Begin PBXProject section */
		4D6009A018B9F446004CB9AA /* Project object */ = {
			isa = PBXProject;
			attributes = {
				LastUpgradeCheck = 0500;
				TargetAttributes = {
					4D6009C818B9F446004CB9AA = {
						TestTargetID = 4D6009A718B9F446004CB9AA;
					};
				};
			};
			buildConfigurationList = 4D6009A318B9F446004CB9AA /* Build configuration list for PBXProject "AlertView" */;
			compatibilityVersion = "Xcode 3.2";
			developmentRegion = English;
			hasScannedForEncodings = 0;
			knownRegions = (
				en,
				Base,
			);
			mainGroup = 4D60099F18B9F446004CB9AA;
			productRefGroup = 4D6009A918B9F446004CB9AA /* Products */;
			projectDirPath = "";
			projectRoot = "";
			targets = (
				4D6009A718B9F446004CB9AA /* AlertView */,
				4D6009C818B9F446004CB9AA /* AlertViewTests */,
			);
		};
/* End PBXProject section */

/* Begin PBXResourcesBuildPhase section */
		4D6009A618B9F446004CB9AA /* Resources */ = {
			isa = PBXResourcesBuildPhase;
			buildActionMask = 2147483647;
			files = (
				4D6009C418B9F446004CB9AA /* Images.xcassets in Resources */,
				4D6009B618B9F446004CB9AA /* InfoPlist.strings in Resources */,
				4D6009BF18B9F446004CB9AA /* Main.storyboard in Resources */,
			);
			runOnlyForDeploymentPostprocessing = 0;
		};
		4D6009C718B9F446004CB9AA /* Resources */ = {
			isa = PBXResourcesBuildPhase;
			buildActionMask = 2147483647;
			files = (
				4D6009D518B9F446004CB9AA /* InfoPlist.strings in Resources */,
			);
			runOnlyForDeploymentPostprocessing = 0;
		};
/* End PBXResourcesBuildPhase section */

/* Begin PBXSourcesBuildPhase section */
		4D6009A418B9F446004CB9AA /* Sources */ = {
			isa = PBXSourcesBuildPhase;
			buildActionMask = 2147483647;
			files = (
				4D6009C218B9F446004CB9AA /* ViewController.m in Sources */,
				4D6009BC18B9F446004CB9AA /* AppDelegate.m in Sources */,
				4D6009B818B9F446004CB9AA /* main.m in Sources */,
			);
			runOnlyForDeploymentPostprocessing = 0;
		};
		4D6009C518B9F446004CB9AA /* Sources */ = {
			isa = PBXSourcesBuildPhase;
			buildActionMask = 2147483647;
			files = (
				4D6009D718B9F446004CB9AA /* AlertViewTests.m in Sources */,
			);
			runOnlyForDeploymentPostprocessing = 0;
		};
/* End PBXSourcesBuildPhase section */

/* Begin PBXTargetDependency section */
		4D6009CF18B9F446004CB9AA /* PBXTargetDependency */ = {
			isa = PBXTargetDependency;
			target = 4D6009A718B9F446004CB9AA /* AlertView */;
			targetProxy = 4D6009CE18B9F446004CB9AA /* PBXContainerItemProxy */;
		};
/* End PBXTargetDependency section */

/* Begin PBXVariantGroup section */
		4D6009B418B9F446004CB9AA /* InfoPlist.strings */ = {
			isa = PBXVariantGroup;
			children = (
				4D6009B518B9F446004CB9AA /* en */,
			);
			name = InfoPlist.strings;
			sourceTree = "<group>";
		};
		4D6009BD18B9F446004CB9AA /* Main.storyboard */ = {
			isa = PBXVariantGroup;
			children = (
				4D6009BE18B9F446004CB9AA /* Base */,
			);
			name = Main.storyboard;
			sourceTree = "<group>";
		};
		4D6009D318B9F446004CB9AA /* InfoPlist.strings */ = {
			isa = PBXVariantGroup;
			children = (
				4D6009D418B9F446004CB9AA /* en */,
			);
			name = InfoPlist.strings;
			sourceTree = "<group>";
		};
/* End PBXVariantGroup section */

/* Begin XCBuildConfiguration section */
		4D6009D818B9F446004CB9AA /* Debug */ = {
			isa = XCBuildConfiguration;
			buildSettings = {
				ALWAYS_SEARCH_USER_PATHS = NO;
				ARCHS = "$(ARCHS_STANDARD_INCLUDING_64_BIT)";
				CLANG_CXX_LANGUAGE_STANDARD = "gnu++0x";
				CLANG_CXX_LIBRARY = "libc++";
				CLANG_ENABLE_MODULES = YES;
				CLANG_ENABLE_OBJC_ARC = YES;
				CLANG_WARN_BOOL_CONVERSION = YES;
				CLANG_WARN_CONSTANT_CONVERSION = YES;
				CLANG_WARN_DIRECT_OBJC_ISA_USAGE = YES_ERROR;
				CLANG_WARN_EMPTY_BODY = YES;
				CLANG_WARN_ENUM_CONVERSION = YES;
				CLANG_WARN_INT_CONVERSION = YES;
				CLANG_WARN_OBJC_ROOT_CLASS = YES_ERROR;
				CLANG_WARN__DUPLICATE_METHOD_MATCH = YES;
				"CODE_SIGN_IDENTITY[sdk=iphoneos*]" = "iPhone Developer";
				COPY_PHASE_STRIP = NO;
				GCC_C_LANGUAGE_STANDARD = gnu99;
				GCC_DYNAMIC_NO_PIC = NO;
				GCC_OPTIMIZATION_LEVEL = 0;
				GCC_PREPROCESSOR_DEFINITIONS = (
					"DEBUG=1",
					"$(inherited)",
				);
				GCC_SYMBOLS_PRIVATE_EXTERN = NO;
				GCC_WARN_64_TO_32_BIT_CONVERSION = YES;
				GCC_WARN_ABOUT_RETURN_TYPE = YES_ERROR;
				GCC_WARN_UNDECLARED_SELECTOR = YES;
				GCC_WARN_UNINITIALIZED_AUTOS = YES;
				GCC_WARN_UNUSED_FUNCTION = YES;
				GCC_WARN_UNUSED_VARIABLE = YES;
				IPHONEOS_DEPLOYMENT_TARGET = 7.0;
				ONLY_ACTIVE_ARCH = YES;
				SDKROOT = iphoneos;
			};
			name = Debug;
		};
		4D6009D918B9F446004CB9AA /* Release */ = {
			isa = XCBuildConfiguration;
			buildSettings = {
				ALWAYS_SEARCH_USER_PATHS = NO;
				ARCHS = "$(ARCHS_STANDARD_INCLUDING_64_BIT)";
				CLANG_CXX_LANGUAGE_STANDARD = "gnu++0x";
				CLANG_CXX_LIBRARY = "libc++";
				CLANG_ENABLE_MODULES = YES;
				CLANG_ENABLE_OBJC_ARC = YES;
				CLANG_WARN_BOOL_CONVERSION = YES;
				CLANG_WARN_CONSTANT_CONVERSION = YES;
				CLANG_WARN_DIRECT_OBJC_ISA_USAGE = YES_ERROR;
				CLANG_WARN_EMPTY_BODY = YES;
				CLANG_WARN_ENUM_CONVERSION = YES;
				CLANG_WARN_INT_CONVERSION = YES;
				CLANG_WARN_OBJC_ROOT_CLASS = YES_ERROR;
				CLANG_WARN__DUPLICATE_METHOD_MATCH = YES;
				"CODE_SIGN_IDENTITY[sdk=iphoneos*]" = "iPhone Developer";
				COPY_PHASE_STRIP = YES;
				ENABLE_NS_ASSERTIONS = NO;
				GCC_C_LANGUAGE_STANDARD = gnu99;
				GCC_WARN_64_TO_32_BIT_CONVERSION = YES;
				GCC_WARN_ABOUT_RETURN_TYPE = YES_ERROR;
				GCC_WARN_UNDECLARED_SELECTOR = YES;
				GCC_WARN_UNINITIALIZED_AUTOS = YES;
				GCC_WARN_UNUSED_FUNCTION = YES;
				GCC_WARN_UNUSED_VARIABLE = YES;
				IPHONEOS_DEPLOYMENT_TARGET = 7.0;
				SDKROOT = iphoneos;
				VALIDATE_PRODUCT = YES;
			};
			name = Release;
		};
		4D6009DB18B9F446004CB9AA /* Debug */ = {
			isa = XCBuildConfiguration;
			buildSettings = {
				ASSETCATALOG_COMPILER_APPICON_NAME = AppIcon;
				ASSETCATALOG_COMPILER_LAUNCHIMAGE_NAME = LaunchImage;
				GCC_PRECOMPILE_PREFIX_HEADER = YES;
				GCC_PREFIX_HEADER = "AlertView/AlertView-Prefix.pch";
				INFOPLIST_FILE = "AlertView/AlertView-Info.plist";
				PRODUCT_NAME = "$(TARGET_NAME)";
				WRAPPER_EXTENSION = app;
			};
			name = Debug;
		};
		4D6009DC18B9F446004CB9AA /* Release */ = {
			isa = XCBuildConfiguration;
			buildSettings = {
				ASSETCATALOG_COMPILER_APPICON_NAME = AppIcon;
				ASSETCATALOG_COMPILER_LAUNCHIMAGE_NAME = LaunchImage;
				GCC_PRECOMPILE_PREFIX_HEADER = YES;
				GCC_PREFIX_HEADER = "AlertView/AlertView-Prefix.pch";
				INFOPLIST_FILE = "AlertView/AlertView-Info.plist";
				PRODUCT_NAME = "$(TARGET_NAME)";
				WRAPPER_EXTENSION = app;
			};
			name = Release;
		};
		4D6009DE18B9F446004CB9AA /* Debug */ = {
			isa = XCBuildConfiguration;
			buildSettings = {
				ARCHS = "$(ARCHS_STANDARD_INCLUDING_64_BIT)";
				BUNDLE_LOADER = "$(BUILT_PRODUCTS_DIR)/AlertView.app/AlertView";
				FRAMEWORK_SEARCH_PATHS = (
					"$(SDKROOT)/Developer/Library/Frameworks",
					"$(inherited)",
					"$(DEVELOPER_FRAMEWORKS_DIR)",
				);
				GCC_PRECOMPILE_PREFIX_HEADER = YES;
				GCC_PREFIX_HEADER = "AlertView/AlertView-Prefix.pch";
				GCC_PREPROCESSOR_DEFINITIONS = (
					"DEBUG=1",
					"$(inherited)",
				);
				INFOPLIST_FILE = "AlertViewTests/AlertViewTests-Info.plist";
				PRODUCT_NAME = "$(TARGET_NAME)";
				TEST_HOST = "$(BUNDLE_LOADER)";
				WRAPPER_EXTENSION = xctest;
			};
			name = Debug;
		};
		4D6009DF18B9F446004CB9AA /* Release */ = {
			isa = XCBuildConfiguration;
			buildSettings = {
				ARCHS = "$(ARCHS_STANDARD_INCLUDING_64_BIT)";
				BUNDLE_LOADER = "$(BUILT_PRODUCTS_DIR)/AlertView.app/AlertView";
				FRAMEWORK_SEARCH_PATHS = (
					"$(SDKROOT)/Developer/Library/Frameworks",
					"$(inherited)",
					"$(DEVELOPER_FRAMEWORKS_DIR)",
				);
				GCC_PRECOMPILE_PREFIX_HEADER = YES;
				GCC_PREFIX_HEADER = "AlertView/AlertView-Prefix.pch";
				INFOPLIST_FILE = "AlertViewTests/AlertViewTests-Info.plist";
				PRODUCT_NAME = "$(TARGET_NAME)";
				TEST_HOST = "$(BUNDLE_LOADER)";
				WRAPPER_EXTENSION = xctest;
			};
			name = Release;
		};
/* End XCBuildConfiguration section */

/* Begin XCConfigurationList section */
		4D6009A318B9F446004CB9AA /* Build configuration list for PBXProject "AlertView" */ = {
			isa = XCConfigurationList;
			buildConfigurations = (
				4D6009D818B9F446004CB9AA /* Debug */,
				4D6009D918B9F446004CB9AA /* Release */,
			);
			defaultConfigurationIsVisible = 0;
			defaultConfigurationName = Release;
		};
		4D6009DA18B9F446004CB9AA /* Build configuration list for PBXNativeTarget "AlertView" */ = {
			isa = XCConfigurationList;
			buildConfigurations = (
				4D6009DB18B9F446004CB9AA /* Debug */,
				4D6009DC18B9F446004CB9AA /* Release */,
			);
			defaultConfigurationIsVisible = 0;
		};
		4D6009DD18B9F446004CB9AA /* Build configuration list for PBXNativeTarget "AlertViewTests" */ = {
			isa = XCConfigurationList;
			buildConfigurations = (
				4D6009DE18B9F446004CB9AA /* Debug */,
				4D6009DF18B9F446004CB9AA /* Release */,
			);
			defaultConfigurationIsVisible = 0;
		};
/* End XCConfigurationList section */
	};
	rootObject = 4D6009A018B9F446004CB9AA /* Project object */;
}
